{
  "originHash" : "428e97e6e5b70f3c6c5ff4a1a80f999a8d5b90af4a7c7832ffe5a5f4a3aaa4b5",
  "pins" : [
    {
      "identity" : "sparkle",
      "kind" : "remoteSourceControl",
      "location" : "https://github.com/sparkle-project/Sparkle",
      "state" : {
        "revision" : "eef1a539a373c1f1a320624b1130fc5de7b2e100",
        "version" : "2.10.0"
      }
    }
  ],
  "version" : 3
}
